// !$*UTF8*$!
{
	archiveVersion = 1;
	classes = {
	};
	objectVersion = 48;
	objects = {

/* Begin PBXBuildFile section */
		7F802B571FE7ABED0038798F /* AppDelegate.swift in Sources */ = {isa = PBXBuildFile; fileRef = 7F802B561FE7ABED0038798F /* AppDelegate.swift */; };
		7F802B591FE7ABED0038798F /* ViewController.swift in Sources */ = {isa = PBXBuildFile; fileRef = 7F802B581FE7ABED0038798F /* ViewController.swift */; };
		7F802B5C1FE7ABED0038798F /* Main.storyboard in Resources */ = {isa = PBXBuildFile; fileRef = 7F802B5A1FE7ABED0038798F /* Main.storyboard */; };
		7F802B5E1FE7ABED0038798F /* Assets.xcassets in Resources */ = {isa = PBXBuildFile; fileRef = 7F802B5D1FE7ABED0038798F /* Assets.xcassets */; };
		7F802B611FE7ABED0038798F /* LaunchScreen.storyboard in Resources */ = {isa = PBXBuildFile; fileRef = 7F802B5F1FE7ABED0038798F /* LaunchScreen.storyboard */; };
		7F802B6C1FE7ABED0038798F /* CircularGaugeTests.swift in Sources */ = {isa = PBXBuildFile; fileRef = 7F802B6B1FE7ABED0038798F /* CircularGaugeTests.swift */; };
		7F802B771FE7ABED0038798F /* CircularGaugeUITests.swift in Sources */ = {isa = PBXBuildFile; fileRef = 7F802B761FE7ABED0038798F /* CircularGaugeUITests.swift */; };
/* End PBXBuildFile section */

/* Begin PBXContainerItemProxy section */
		7F802B681FE7ABED0038798F /* PBXContainerItemProxy */ = {
			isa = PBXContainerItemProxy;
			containerPortal = 7F802B4B1FE7ABED0038798F /* Project object */;
			proxyType = 1;
			remoteGlobalIDString = 7F802B521FE7ABED0038798F;
			remoteInfo = CircularGauge;
		};
		7F802B731FE7ABED0038798F /* PBXContainerItemProxy */ = {
			isa = PBXContainerItemProxy;
			containerPortal = 7F802B4B1FE7ABED0038798F /* Project object */;
			proxyType = 1;
			remoteGlobalIDString = 7F802B521FE7ABED0038798F;
			remoteInfo = CircularGauge;
		};
/* End PBXContainerItemProxy section */

/* Begin PBXFileReference section */
		7F802B531FE7ABED0038798F /* CircularGauge.app */ = {isa = PBXFileReference; explicitFileType = wrapper.application; includeInIndex = 0; path = CircularGauge.app; sourceTree = BUILT_PRODUCTS_DIR; };
		7F802B561FE7ABED0038798F /* AppDelegate.swift */ = {isa = PBXFileReference; lastKnownFileType = sourcecode.swift; path = AppDelegate.swift; sourceTree = "<group>"; };
		7F802B581FE7ABED0038798F /* ViewController.swift */ = {isa = PBXFileReference; lastKnownFileType = sourcecode.swift; path = ViewController.swift; sourceTree = "<group>"; };
		7F802B5B1FE7ABED0038798F /* Base */ = {isa = PBXFileReference; lastKnownFileType = file.storyboard; name = Base; path = Base.lproj/Main.storyboard; sourceTree = "<group>"; };
		7F802B5D1FE7ABED0038798F /* Assets.xcassets */ = {isa = PBXFileReference; lastKnownFileType = folder.assetcatalog; path = Assets.xcassets; sourceTree = "<group>"; };
		7F802B601FE7ABED0038798F /* Base */ = {isa = PBXFileReference; lastKnownFileType = file.storyboard; name = Base; path = Base.lproj/LaunchScreen.storyboard; sourceTree = "<group>"; };
		7F802B621FE7ABED0038798F /* Info.plist */ = {isa = PBXFileReference; lastKnownFileType = text.plist.xml; path = Info.plist; sourceTree = "<group>"; };
		7F802B671FE7ABED0038798F /* CircularGaugeTests.xctest */ = {isa = PBXFileReference; explicitFileType = wrapper.cfbundle; includeInIndex = 0; path = CircularGaugeTests.xctest; sourceTree = BUILT_PRODUCTS_DIR; };
		7F802B6B1FE7ABED0038798F /* CircularGaugeTests.swift */ = {isa = PBXFileReference; lastKnownFileType = sourcecode.swift; path = CircularGaugeTests.swift; sourceTree = "<group>"; };
		7F802B6D1FE7ABED0038798F /* Info.plist */ = {isa = PBXFileReference; lastKnownFileType = text.plist.xml; path = Info.plist; sourceTree = "<group>"; };
		7F802B721FE7ABED0038798F /* CircularGaugeUITests.xctest */ = {isa = PBXFileReference; explicitFileType = wrapper.cfbundle; includeInIndex = 0; path = CircularGaugeUITests.xctest; sourceTree = BUILT_PRODUCTS_DIR; };
		7F802B761FE7ABED0038798F /* CircularGaugeUITests.swift */ = {isa = PBXFileReference; lastKnownFileType = sourcecode.swift; path = CircularGaugeUITests.swift; sourceTree = "<group>"; };
		7F802B781FE7ABED0038798F /* Info.plist */ = {isa = PBXFileReference; lastKnownFileType = text.plist.xml; path = Info.plist; sourceTree = "<group>"; };
/* End PBXFileReference section */

/* Begin PBXFrameworksBuildPhase section */
		7F802B501FE7ABED0038798F /* Frameworks */ = {
			isa = PBXFrameworksBuildPhase;
			buildActionMask = 2147483647;
			files = (
			);
			runOnlyForDeploymentPostprocessing = 0;
		};
		7F802B641FE7ABED0038798F /* Frameworks */ = {
			isa = PBXFrameworksBuildPhase;
			buildActionMask = 2147483647;
			files = (
			);
			runOnlyForDeploymentPostprocessing = 0;
		};
		7F802B6F1FE7ABED0038798F /* Frameworks */ = {
			isa = PBXFrameworksBuildPhase;
			buildActionMask = 2147483647;
			files = (
			);
			runOnlyForDeploymentPostprocessing = 0;
		};
/* End PBXFrameworksBuildPhase section */

/* Begin PBXGroup section */
		7F802B4A1FE7ABED0038798F = {
			isa = PBXGroup;
			children = (
				7F802B551FE7ABED0038798F /* CircularGauge */,
				7F802B6A1FE7ABED0038798F /* CircularGaugeTests */,
				7F802B751FE7ABED0038798F /* CircularGaugeUITests */,
				7F802B541FE7ABED0038798F /* Products */,
			);
			sourceTree = "<group>";
		};
		7F802B541FE7ABED0038798F /* Products */ = {
			isa = PBXGroup;
			children = (
				7F802B531FE7ABED0038798F /* CircularGauge.app */,
				7F802B671FE7ABED0038798F /* CircularGaugeTests.xctest */,
				7F802B721FE7ABED0038798F /* CircularGaugeUITests.xctest */,
			);
			name = Products;
			sourceTree = "<group>";
		};
		7F802B551FE7ABED0038798F /* CircularGauge */ = {
			isa = PBXGroup;
			children = (
				7F802B561FE7ABED0038798F /* AppDelegate.swift */,
				7F802B581FE7ABED0038798F /* ViewController.swift */,
				7F802B5A1FE7ABED0038798F /* Main.storyboard */,
				7F802B5D1FE7ABED0038798F /* Assets.xcassets */,
				7F802B5F1FE7ABED0038798F /* LaunchScreen.storyboard */,
				7F802B621FE7ABED0038798F /* Info.plist */,
			);
			path = CircularGauge;
			sourceTree = "<group>";
		};
		7F802B6A1FE7ABED0038798F /* CircularGaugeTests */ = {
			isa = PBXGroup;
			children = (
				7F802B6B1FE7ABED0038798F /* CircularGaugeTests.swift */,
				7F802B6D1FE7ABED0038798F /* Info.plist */,
			);
			path = CircularGaugeTests;
			sourceTree = "<group>";
		};
		7F802B751FE7ABED0038798F /* CircularGaugeUITests */ = {
			isa = PBXGroup;
			children = (
				7F802B761FE7ABED0038798F /* CircularGaugeUITests.swift */,
				7F802B781FE7ABED0038798F /* Info.plist */,
			);
			path = CircularGaugeUITests;
			sourceTree = "<group>";
		};
/* End PBXGroup section */

/* Begin PBXNativeTarget section */
		7F802B521FE7ABED0038798F /* CircularGauge */ = {
			isa = PBXNativeTarget;
			buildConfigurationList = 7F802B7B1FE7ABED0038798F /* Build configuration list for PBXNativeTarget "CircularGauge" */;
			buildPhases = (
				7F802B4F1FE7ABED0038798F /* Sources */,
				7F802B501FE7ABED0038798F /* Frameworks */,
				7F802B511FE7ABED0038798F /* Resources */,
			);
			buildRules = (
			);
			dependencies = (
			);
			name = CircularGauge;
			productName = CircularGauge;
			productReference = 7F802B531FE7ABED0038798F /* CircularGauge.app */;
			productType = "com.apple.product-type.application";
		};
		7F802B661FE7ABED0038798F /* CircularGaugeTests */ = {
			isa = PBXNativeTarget;
			buildConfigurationList = 7F802B7E1FE7ABED0038798F /* Build configuration list for PBXNativeTarget "CircularGaugeTests" */;
			buildPhases = (
				7F802B631FE7ABED0038798F /* Sources */,
				7F802B641FE7ABED0038798F /* Frameworks */,
				7F802B651FE7ABED0038798F /* Resources */,
			);
			buildRules = (
			);
			dependencies = (
				7F802B691FE7ABED0038798F /* PBXTargetDependency */,
			);
			name = CircularGaugeTests;
			productName = CircularGaugeTests;
			productReference = 7F802B671FE7ABED0038798F /* CircularGaugeTests.xctest */;
			productType = "com.apple.product-type.bundle.unit-test";
		};
		7F802B711FE7ABED0038798F /* CircularGaugeUITests */ = {
			isa = PBXNativeTarget;
			buildConfigurationList = 7F802B811FE7ABED0038798F /* Build configuration list for PBXNativeTarget "CircularGaugeUITests" */;
			buildPhases = (
				7F802B6E1FE7ABED0038798F /* Sources */,
				7F802B6F1FE7ABED0038798F /* Frameworks */,
				7F802B701FE7ABED0038798F /* Resources */,
			);
			buildRules = (
			);
			dependencies = (
				7F802B741FE7ABED0038798F /* PBXTargetDependency */,
			);
			name = CircularGaugeUITests;
			productName = CircularGaugeUITests;
			productReference = 7F802B721FE7ABED0038798F /* CircularGaugeUITests.xctest */;
			productType = "com.apple.product-type.bundle.ui-testing";
		};
/* End PBXNativeTarget section */

/* Begin PBXProject section */
		7F802B4B1FE7ABED0038798F /* Project object */ = {
			isa = PBXProject;
			attributes = {
				LastSwiftUpdateCheck = 0920;
				LastUpgradeCheck = 0920;
				ORGANIZATIONNAME = "Clement DEUST";
				TargetAttributes = {
					7F802B521FE7ABED0038798F = {
						CreatedOnToolsVersion = 9.2;
						ProvisioningStyle = Automatic;
					};
					7F802B661FE7ABED0038798F = {
						CreatedOnToolsVersion = 9.2;
						ProvisioningStyle = Automatic;
						TestTargetID = 7F802B521FE7ABED0038798F;
					};
					7F802B711FE7ABED0038798F = {
						CreatedOnToolsVersion = 9.2;
						ProvisioningStyle = Automatic;
						TestTargetID = 7F802B521FE7ABED0038798F;
					};
				};
			};
			buildConfigurationList = 7F802B4E1FE7ABED0038798F /* Build configuration list for PBXProject "CircularGauge" */;
			compatibilityVersion = "Xcode 8.0";
			developmentRegion = en;
			hasScannedForEncodings = 0;
			knownRegions = (
				en,
				Base,
			);
			mainGroup = 7F802B4A1FE7ABED0038798F;
			productRefGroup = 7F802B541FE7ABED0038798F /* Products */;
			projectDirPath = "";
			projectRoot = "";
			targets = (
				7F802B521FE7ABED0038798F /* CircularGauge */,
				7F802B661FE7ABED0038798F /* CircularGaugeTests */,
				7F802B711FE7ABED0038798F /* CircularGaugeUITests */,
			);
		};
/* End PBXProject section */

/* Begin PBXResourcesBuildPhase section */
		7F802B511FE7ABED0038798F /* Resources */ = {
			isa = PBXResourcesBuildPhase;
			buildActionMask = 2147483647;
			files = (
				7F802B611FE7ABED0038798F /* LaunchScreen.storyboard in Resources */,
				7F802B5E1FE7ABED0038798F /* Assets.xcassets in Resources */,
				7F802B5C1FE7ABED0038798F /* Main.storyboard in Resources */,
			);
			runOnlyForDeploymentPostprocessing = 0;
		};
		7F802B651FE7ABED0038798F /* Resources */ = {
			isa = PBXResourcesBuildPhase;
			buildActionMask = 2147483647;
			files = (
			);
			runOnlyForDeploymentPostprocessing = 0;
		};
		7F802B701FE7ABED0038798F /* Resources */ = {
			isa = PBXResourcesBuildPhase;
			buildActionMask = 2147483647;
			files = (
			);
			runOnlyForDeploymentPostprocessing = 0;
		};
/* End PBXResourcesBuildPhase section */

/* Begin PBXSourcesBuildPhase section */
		7F802B4F1FE7ABED0038798F /* Sources */ = {
			isa = PBXSourcesBuildPhase;
			buildActionMask = 2147483647;
			files = (
				7F802B591FE7ABED0038798F /* ViewController.swift in Sources */,
				7F802B571FE7ABED0038798F /* AppDelegate.swift in Sources */,
			);
			runOnlyForDeploymentPostprocessing = 0;
		};
		7F802B631FE7ABED0038798F /* Sources */ = {
			isa = PBXSourcesBuildPhase;
			buildActionMask = 2147483647;
			files = (
				7F802B6C1FE7ABED0038798F /* CircularGaugeTests.swift in Sources */,
			);
			runOnlyForDeploymentPostprocessing = 0;
		};
		7F802B6E1FE7ABED0038798F /* Sources */ = {
			isa = PBXSourcesBuildPhase;
			buildActionMask = 2147483647;
			files = (
				7F802B771FE7ABED0038798F /* CircularGaugeUITests.swift in Sources */,
			);
			runOnlyForDeploymentPostprocessing = 0;
		};
/* End PBXSourcesBuildPhase section */

/* Begin PBXTargetDependency section */
		7F802B691FE7ABED0038798F /* PBXTargetDependency */ = {
			isa = PBXTargetDependency;
			target = 7F802B521FE7ABED0038798F /* CircularGauge */;
			targetProxy = 7F802B681FE7ABED0038798F /* PBXContainerItemProxy */;
		};
		7F802B741FE7ABED0038798F /* PBXTargetDependency */ = {
			isa = PBXTargetDependency;
			target = 7F802B521FE7ABED0038798F /* CircularGauge */;
			targetProxy = 7F802B731FE7ABED0038798F /* PBXContainerItemProxy */;
		};
/* End PBXTargetDependency section */

/* Begin PBXVariantGroup section */
		7F802B5A1FE7ABED0038798F /* Main.storyboard */ = {
			isa = PBXVariantGroup;
			children = (
				7F802B5B1FE7ABED0038798F /* Base */,
			);
			name = Main.storyboard;
			sourceTree = "<group>";
		};
		7F802B5F1FE7ABED0038798F /* LaunchScreen.storyboard */ = {
			isa = PBXVariantGroup;
			children = (
				7F802B601FE7ABED0038798F /* Base */,
			);
			name = LaunchScreen.storyboard;
			sourceTree = "<group>";
		};
/* End PBXVariantGroup section */

/* Begin XCBuildConfiguration section */
		7F802B791FE7ABED0038798F /* Debug */ = {
			isa = XCBuildConfiguration;
			buildSettings = {
				ALWAYS_SEARCH_USER_PATHS = NO;
				CLANG_ANALYZER_NONNULL = YES;
				CLANG_ANALYZER_NUMBER_OBJECT_CONVERSION = YES_AGGRESSIVE;
				CLANG_CXX_LANGUAGE_STANDARD = "gnu++14";
				CLANG_CXX_LIBRARY = "libc++";
				CLANG_ENABLE_MODULES = YES;
				CLANG_ENABLE_OBJC_ARC = YES;
				CLANG_WARN_BLOCK_CAPTURE_AUTORELEASING = YES;
				CLANG_WARN_BOOL_CONVERSION = YES;
				CLANG_WARN_COMMA = YES;
				CLANG_WARN_CONSTANT_CONVERSION = YES;
				CLANG_WARN_DIRECT_OBJC_ISA_USAGE = YES_ERROR;
				CLANG_WARN_DOCUMENTATION_COMMENTS = YES;
				CLANG_WARN_EMPTY_BODY = YES;
				CLANG_WARN_ENUM_CONVERSION = YES;
				CLANG_WARN_INFINITE_RECURSION = YES;
				CLANG_WARN_INT_CONVERSION = YES;
				CLANG_WARN_NON_LITERAL_NULL_CONVERSION = YES;
				CLANG_WARN_OBJC_LITERAL_CONVERSION = YES;
				CLANG_WARN_OBJC_ROOT_CLASS = YES_ERROR;
				CLANG_WARN_RANGE_LOOP_ANALYSIS = YES;
				CLANG_WARN_STRICT_PROTOTYPES = YES;
				CLANG_WARN_SUSPICIOUS_MOVE = YES;
				CLANG_WARN_UNGUARDED_AVAILABILITY = YES_AGGRESSIVE;
				CLANG_WARN_UNREACHABLE_CODE = YES;
				CLANG_WARN__DUPLICATE_METHOD_MATCH = YES;
				CODE_SIGN_IDENTITY = "iPhone Developer";
				COPY_PHASE_STRIP = NO;
				DEBUG_INFORMATION_FORMAT = dwarf;
				ENABLE_STRICT_OBJC_MSGSEND = YES;
				ENABLE_TESTABILITY = YES;
				GCC_C_LANGUAGE_STANDARD = gnu11;
				GCC_DYNAMIC_NO_PIC = NO;
				GCC_NO_COMMON_BLOCKS = YES;
				GCC_OPTIMIZATION_LEVEL = 0;
				GCC_PREPROCESSOR_DEFINITIONS = (
					"DEBUG=1",
					"$(inherited)",
				);
				GCC_WARN_64_TO_32_BIT_CONVERSION = YES;
				GCC_WARN_ABOUT_RETURN_TYPE = YES_ERROR;
				GCC_WARN_UNDECLARED_SELECTOR = YES;
				GCC_WARN_UNINITIALIZED_AUTOS = YES_AGGRESSIVE;
				GCC_WARN_UNUSED_FUNCTION = YES;
				GCC_WARN_UNUSED_VARIABLE = YES;
				IPHONEOS_DEPLOYMENT_TARGET = 11.2;
				MTL_ENABLE_DEBUG_INFO = YES;
				ONLY_ACTIVE_ARCH = YES;
				SDKROOT = iphoneos;
				SWIFT_ACTIVE_COMPILATION_CONDITIONS = DEBUG;
				SWIFT_OPTIMIZATION_LEVEL = "-Onone";
			};
			name = Debug;
		};
		7F802B7A1FE7ABED0038798F /* Release */ = {
			isa = XCBuildConfiguration;
			buildSettings = {
				ALWAYS_SEARCH_USER_PATHS = NO;
				CLANG_ANALYZER_NONNULL = YES;
				CLANG_ANALYZER_NUMBER_OBJECT_CONVERSION = YES_AGGRESSIVE;
				CLANG_CXX_LANGUAGE_STANDARD = "gnu++14";
				CLANG_CXX_LIBRARY = "libc++";
				CLANG_ENABLE_MODULES = YES;
				CLANG_ENABLE_OBJC_ARC = YES;
				CLANG_WARN_BLOCK_CAPTURE_AUTORELEASING = YES;
				CLANG_WARN_BOOL_CONVERSION = YES;
				CLANG_WARN_COMMA = YES;
				CLANG_WARN_CONSTANT_CONVERSION = YES;
				CLANG_WARN_DIRECT_OBJC_ISA_USAGE = YES_ERROR;
				CLANG_WARN_DOCUMENTATION_COMMENTS = YES;
				CLANG_WARN_EMPTY_BODY = YES;
				CLANG_WARN_ENUM_CONVERSION = YES;
				CLANG_WARN_INFINITE_RECURSION = YES;
				CLANG_WARN_INT_CONVERSION = YES;
				CLANG_WARN_NON_LITERAL_NULL_CONVERSION = YES;
				CLANG_WARN_OBJC_LITERAL_CONVERSION = YES;
				CLANG_WARN_OBJC_ROOT_CLASS = YES_ERROR;
				CLANG_WARN_RANGE_LOOP_ANALYSIS = YES;
				CLANG_WARN_STRICT_PROTOTYPES = YES;
				CLANG_WARN_SUSPICIOUS_MOVE = YES;
				CLANG_WARN_UNGUARDED_AVAILABILITY = YES_AGGRESSIVE;
				CLANG_WARN_UNREACHABLE_CODE = YES;
				CLANG_WARN__DUPLICATE_METHOD_MATCH = YES;
				CODE_SIGN_IDENTITY = "iPhone Developer";
				COPY_PHASE_STRIP = NO;
				DEBUG_INFORMATION_FORMAT = "dwarf-with-dsym";
				ENABLE_NS_ASSERTIONS = NO;
				ENABLE_STRICT_OBJC_MSGSEND = YES;
				GCC_C_LANGUAGE_STANDARD = gnu11;
				GCC_NO_COMMON_BLOCKS = YES;
				GCC_WARN_64_TO_32_BIT_CONVERSION = YES;
				GCC_WARN_ABOUT_RETURN_TYPE = YES_ERROR;
				GCC_WARN_UNDECLARED_SELECTOR = YES;
				GCC_WARN_UNINITIALIZED_AUTOS = YES_AGGRESSIVE;
				GCC_WARN_UNUSED_FUNCTION = YES;
				GCC_WARN_UNUSED_VARIABLE = YES;
				IPHONEOS_DEPLOYMENT_TARGET = 11.2;
				MTL_ENABLE_DEBUG_INFO = NO;
				SDKROOT = iphoneos;
				SWIFT_OPTIMIZATION_LEVEL = "-Owholemodule";
				VALIDATE_PRODUCT = YES;
			};
			name = Release;
		};
		7F802B7C1FE7ABED0038798F /* Debug */ = {
			isa = XCBuildConfiguration;
			buildSettings = {
				ASSETCATALOG_COMPILER_APPICON_NAME = AppIcon;
				CODE_SIGN_STYLE = Automatic;
				DEVELOPMENT_TEAM = 739FYFHB3R;
				INFOPLIST_FILE = CircularGauge/Info.plist;
				LD_RUNPATH_SEARCH_PATHS = "$(inherited) @executable_path/Frameworks";
				PRODUCT_BUNDLE_IDENTIFIER = cdeust.CircularGauge;
				PRODUCT_NAME = "$(TARGET_NAME)";
				SWIFT_VERSION = 4.0;
				TARGETED_DEVICE_FAMILY = "1,2";
			};
			name = Debug;
		};
		7F802B7D1FE7ABED0038798F /* Release */ = {
			isa = XCBuildConfiguration;
			buildSettings = {
				ASSETCATALOG_COMPILER_APPICON_NAME = AppIcon;
				CODE_SIGN_STYLE = Automatic;
				DEVELOPMENT_TEAM = 739FYFHB3R;
				INFOPLIST_FILE = CircularGauge/Info.plist;
				LD_RUNPATH_SEARCH_PATHS = "$(inherited) @executable_path/Frameworks";
				PRODUCT_BUNDLE_IDENTIFIER = cdeust.CircularGauge;
				PRODUCT_NAME = "$(TARGET_NAME)";
				SWIFT_VERSION = 4.0;
				TARGETED_DEVICE_FAMILY = "1,2";
			};
			name = Release;
		};
		7F802B7F1FE7ABED0038798F /* Debug */ = {
			isa = XCBuildConfiguration;
			buildSettings = {
				ALWAYS_EMBED_SWIFT_STANDARD_LIBRARIES = YES;
				BUNDLE_LOADER = "$(TEST_HOST)";
				CODE_SIGN_STYLE = Automatic;
				DEVELOPMENT_TEAM = 739FYFHB3R;
				INFOPLIST_FILE = CircularGaugeTests/Info.plist;
				LD_RUNPATH_SEARCH_PATHS = "$(inherited) @executable_path/Frameworks @loader_path/Frameworks";
				PRODUCT_BUNDLE_IDENTIFIER = cdeust.CircularGaugeTests;
				PRODUCT_NAME = "$(TARGET_NAME)";
				SWIFT_VERSION = 4.0;
				TARGETED_DEVICE_FAMILY = "1,2";
				TEST_HOST = "$(BUILT_PRODUCTS_DIR)/CircularGauge.app/CircularGauge";
			};
			name = Debug;
		};
		7F802B801FE7ABED0038798F /* Release */ = {
			isa = XCBuildConfiguration;
			buildSettings = {
				ALWAYS_EMBED_SWIFT_STANDARD_LIBRARIES = YES;
				BUNDLE_LOADER = "$(TEST_HOST)";
				CODE_SIGN_STYLE = Automatic;
				DEVELOPMENT_TEAM = 739FYFHB3R;
				INFOPLIST_FILE = CircularGaugeTests/Info.plist;
				LD_RUNPATH_SEARCH_PATHS = "$(inherited) @executable_path/Frameworks @loader_path/Frameworks";
				PRODUCT_BUNDLE_IDENTIFIER = cdeust.CircularGaugeTests;
				PRODUCT_NAME = "$(TARGET_NAME)";
				SWIFT_VERSION = 4.0;
				TARGETED_DEVICE_FAMILY = "1,2";
				TEST_HOST = "$(BUILT_PRODUCTS_DIR)/CircularGauge.app/CircularGauge";
			};
			name = Release;
		};
		7F802B821FE7ABED0038798F /* Debug */ = {
			isa = XCBuildConfiguration;
			buildSettings = {
				ALWAYS_EMBED_SWIFT_STANDARD_LIBRARIES = YES;
				CODE_SIGN_STYLE = Automatic;
				DEVELOPMENT_TEAM = 739FYFHB3R;
				INFOPLIST_FILE = CircularGaugeUITests/Info.plist;
				LD_RUNPATH_SEARCH_PATHS = "$(inherited) @executable_path/Frameworks @loader_path/Frameworks";
				PRODUCT_BUNDLE_IDENTIFIER = cdeust.CircularGaugeUITests;
				PRODUCT_NAME = "$(TARGET_NAME)";
				SWIFT_VERSION = 4.0;
				TARGETED_DEVICE_FAMILY = "1,2";
				TEST_TARGET_NAME = CircularGauge;
			};
			name = Debug;
		};
		7F802B831FE7ABED0038798F /* Release */ = {
			isa = XCBuildConfiguration;
			buildSettings = {
				ALWAYS_EMBED_SWIFT_STANDARD_LIBRARIES = YES;
				CODE_SIGN_STYLE = Automatic;
				DEVELOPMENT_TEAM = 739FYFHB3R;
				INFOPLIST_FILE = CircularGaugeUITests/Info.plist;
				LD_RUNPATH_SEARCH_PATHS = "$(inherited) @executable_path/Frameworks @loader_path/Frameworks";
				PRODUCT_BUNDLE_IDENTIFIER = cdeust.CircularGaugeUITests;
				PRODUCT_NAME = "$(TARGET_NAME)";
				SWIFT_VERSION = 4.0;
				TARGETED_DEVICE_FAMILY = "1,2";
				TEST_TARGET_NAME = CircularGauge;
			};
			name = Release;
		};
/* End XCBuildConfiguration section */

/* Begin XCConfigurationList section */
		7F802B4E1FE7ABED0038798F /* Build configuration list for PBXProject "CircularGauge" */ = {
			isa = XCConfigurationList;
			buildConfigurations = (
				7F802B791FE7ABED0038798F /* Debug */,
				7F802B7A1FE7ABED0038798F /* Release */,
			);
			defaultConfigurationIsVisible = 0;
			defaultConfigurationName = Release;
		};
		7F802B7B1FE7ABED0038798F /* Build configuration list for PBXNativeTarget "CircularGauge" */ = {
			isa = XCConfigurationList;
			buildConfigurations = (
				7F802B7C1FE7ABED0038798F /* Debug */,
				7F802B7D1FE7ABED0038798F /* Release */,
			);
			defaultConfigurationIsVisible = 0;
			defaultConfigurationName = Release;
		};
		7F802B7E1FE7ABED0038798F /* Build configuration list for PBXNativeTarget "CircularGaugeTests" */ = {
			isa = XCConfigurationList;
			buildConfigurations = (
				7F802B7F1FE7ABED0038798F /* Debug */,
				7F802B801FE7ABED0038798F /* Release */,
			);
			defaultConfigurationIsVisible = 0;
			defaultConfigurationName = Release;
		};
		7F802B811FE7ABED0038798F /* Build configuration list for PBXNativeTarget "CircularGaugeUITests" */ = {
			isa = XCConfigurationList;
			buildConfigurations = (
				7F802B821FE7ABED0038798F /* Debug */,
				7F802B831FE7ABED0038798F /* Release */,
			);
			defaultConfigurationIsVisible = 0;
			defaultConfigurationName = Release;
		};
/* End XCConfigurationList section */
	};
	rootObject = 7F802B4B1FE7ABED0038798F /* Project object */;
}
